{
  "nodes": {
    "flake-compat": {
      "flake": false,
      "locked": {
        "lastModified": 1767039857,
        "narHash": "sha256-vNpUSpF5Nuw8xvDLj2KCwwksIbjua2LZCqhV1LNRDns=",
        "owner": "NixOS",
        "repo": "flake-compat",
        "rev": "5edf11c44bc78a0d334f6334cdaf7d60d732daab",
        "type": "github"
      },
      "original": {
        "owner": "NixOS",
        "repo": "flake-compat",
        "type": "github"
      }
    },
    "flake-parts": {
      "inputs": {
        "nixpkgs-lib": "nixpkgs-lib"
      },
      "locked": {
        "lastModified": 1782949081,
        "narHash": "sha256-vp6Y/Grm98ESt6ceOkWiHWyZRDV3J1RID4w+6NWK9yA=",
        "owner": "hercules-ci",
        "repo": "flake-parts",
        "rev": "17c9d6cdfc60c64f4ee8d306f9bc0b4ccb51481e",
        "type": "github"
      },
      "original": {
        "owner": "hercules-ci",
        "repo": "flake-parts",
        "type": "github"
      }
    },
    "flake-parts_2": {
      "inputs": {
        "nixpkgs-lib": "nixpkgs-lib_2"
      },
      "locked": {
        "lastModified": 1788450739,
        "narHash": "sha256-glZLQlzIn1fXH6PazR2iUmTo7kzzyYSshrWhLS9TqCU=",
        "owner": "hercules-ci",
        "repo": "flake-parts",
        "rev": "31729ca8cbdb4fa927b34e5f4353e6a83f39e993",
        "type": "github"
      },
      "original": {
        "owner": "hercules-ci",
        "repo": "flake-parts",
        "type": "github"
      }
    },
    "flake-schemas": {
      "locked": {
        "lastModified": 1761577921,
        "narHash": "sha256-eK3/xbUOrxp9fFlei09XNjqcdiHXxndzrTXp7jFpOk8=",
        "rev": "47849c7625e223d36766968cc6dc23ba0e135922",
        "revCount": 107,
        "type": "tarball",
        "url": "https://api.flakehub.com/f/pinned/DeterminateSystems/flake-schemas/0.2.0/019a4a84-544d-7c59-b26d-e334e320c932/source.tar.gz"
      },
      "original": {
        "type": "tarball",
        "url": "https://flakehub.com/f/DeterminateSystems/flake-schemas/%2A.tar.gz"
      }
    },
    "flake-utils": {
      "inputs": {
        "systems": [
          "mangowm",
          "scenefx",
          "systems"
        ]
      },
      "locked": {
        "lastModified": 1731533236,
        "narHash": "sha256-l0KFg5HjrsfsO/JpG+r7fRrqm12kzFHyUHqHCVpMMbI=",
        "owner": "numtide",
        "repo": "flake-utils",
        "rev": "11707dc2f618dd54ca8739b309ec4fc024de578b",
        "type": "github"
      },
      "original": {
        "owner": "numtide",
        "repo": "flake-utils",
        "type": "github"
      }
    },
    "helium-browser": {
      "inputs": {
        "nixpkgs": [
          "nixpkgs"
        ]
      },
      "locked": {
        "lastModified": 1788352463,
        "narHash": "sha256-zg16XfEJUoyhdCTRJqwp3qaicSD36RvgbYMo3+7FQKI=",
        "owner": "oxcl",
        "repo": "nix-flake-helium-browser",
        "rev": "a54b81f092155f9ff0aaa24b1d6fc5aab8bbccef",
        "type": "github"
      },
      "original": {
        "owner": "oxcl",
        "repo": "nix-flake-helium-browser",
        "type": "github"
      }
    },
    "home-manager": {
      "inputs": {
        "nixpkgs": [
          "nixpkgs"
        ]
      },
      "locked": {
        "lastModified": 1787377438,
        "narHash": "sha256-Sxu1NLTD/Ern6hFGLlZmtKCSct3YQXZI/lls8RE1XeM=",
        "owner": "nix-community",
        "repo": "home-manager",
        "rev": "65258d5c65a250189fde2e35f490d15e064c4c62",
        "type": "github"
      },
      "original": {
        "owner": "nix-community",
        "ref": "release-26.05",
        "repo": "home-manager",
        "type": "github"
      }
    },
    "home-manager_2": {
      "inputs": {
        "nixpkgs": [
          "zen-browser",
          "nixpkgs"
        ]
      },
      "locked": {
        "lastModified": 1788229478,
        "narHash": "sha256-G0F2rFORVcFkEvVdE/qWQTnYekIc77YP5/vRF9nZlxU=",
        "owner": "nix-community",
        "repo": "home-manager",
        "rev": "1dc2d1f720ab17fc7981e087346bf54b26d284b1",
        "type": "github"
      },
      "original": {
        "owner": "nix-community",
        "repo": "home-manager",
        "type": "github"
      }
    },
    "mangowm": {
      "inputs": {
        "flake-parts": "flake-parts",
        "nixpkgs": [
          "nixpkgs"
        ],
        "scenefx": "scenefx"
      },
      "locked": {
        "lastModified": 1788490924,
        "narHash": "sha256-tymTjjNKWohVzXycg2mN7cSApQ6NDmn9k4LklNq/WGo=",
        "owner": "mangowm",
        "repo": "mango",
        "rev": "7b4266f1d8df09f83283574ba61dba51656d4791",
        "type": "github"
      },
      "original": {
        "owner": "mangowm",
        "repo": "mango",
        "type": "github"
      }
    },
    "millennium": {
      "inputs": {
        "millennium-src": "millennium-src",
        "nixpkgs": "nixpkgs"
      },
      "locked": {
        "dir": "packages/nix",
        "lastModified": 1788314497,
        "narHash": "sha256-NiFndFWVN/sOMLUN1iEFEmqMpdcC0hnyPQSEs9eMGdo=",
        "owner": "SteamClientHomebrew",
        "repo": "Millennium",
        "rev": "a3d675611b68c5658a0b5ffd25b9f1b57c6d32ff",
        "type": "github"
      },
      "original": {
        "dir": "packages/nix",
        "owner": "SteamClientHomebrew",
        "repo": "Millennium",
        "type": "github"
      }
    },
    "millennium-src": {
      "flake": false,
      "locked": {
        "lastModified": 1787082953,
        "narHash": "sha256-zgr4cdJfye4qunpD3ClNnZ9D1WPGQAXV0CnYwEbB52s=",
        "owner": "SteamClientHomebrew",
        "repo": "Millennium",
        "rev": "513b02e809b0eb120ecf0ae12e548798dd756323",
        "type": "github"
      },
      "original": {
        "owner": "SteamClientHomebrew",
        "repo": "Millennium",
        "rev": "513b02e809b0eb120ecf0ae12e548798dd756323",
        "type": "github"
      }
    },
    "nix-cachyos-kernel": {
      "inputs": {
        "flake-compat": "flake-compat",
        "flake-parts": "flake-parts_2",
        "nixpkgs": "nixpkgs_2"
      },
      "locked": {
        "lastModified": 1788466103,
        "narHash": "sha256-nnuXs61NLtMiU2injAVNDCbByykL1vM/zV95vaOPCDQ=",
        "owner": "xddxdd",
        "repo": "nix-cachyos-kernel",
        "rev": "b09dbbf169d66825605eeac9f7310c29fc3e1a52",
        "type": "github"
      },
      "original": {
        "owner": "xddxdd",
        "ref": "release",
        "repo": "nix-cachyos-kernel",
        "type": "github"
      }
    },
    "nixpkgs": {
      "locked": {
        "lastModified": 1781577229,
        "narHash": "sha256-lrp67w8AulE9Ks53n27I45ADSzbOCn4H+CNW1Ck8B+8=",
        "owner": "nixos",
        "repo": "nixpkgs",
        "rev": "567a49d1913ce81ac6e9582e3553dd90a955875f",
        "type": "github"
      },
      "original": {
        "owner": "nixos",
        "repo": "nixpkgs",
        "rev": "567a49d1913ce81ac6e9582e3553dd90a955875f",
        "type": "github"
      }
    },
    "nixpkgs-lib": {
      "locked": {
        "lastModified": 1782614948,
        "narHash": "sha256-ePjCwr1sNm9NYUqywL7QfK3JnlS015msC+eBu2zKlp8=",
        "owner": "nix-community",
        "repo": "nixpkgs.lib",
        "rev": "db3f255737b94216eb71cce308e2912cf6bc2d7c",
        "type": "github"
      },
      "original": {
        "owner": "nix-community",
        "repo": "nixpkgs.lib",
        "type": "github"
      }
    },
    "nixpkgs-lib_2": {
      "locked": {
        "lastModified": 1788057806,
        "narHash": "sha256-DTQSMxzDWmT0zhguthvegnVkn7CFqGCv4IHCzk5ZUpM=",
        "owner": "nix-community",
        "repo": "nixpkgs.lib",
        "rev": "596e2e3940e09b2abbeb03f75fa1828c57fcd72c",
        "type": "github"
      },
      "original": {
        "owner": "nix-community",
        "repo": "nixpkgs.lib",
        "type": "github"
      }
    },
    "nixpkgs-stable": {
      "locked": {
        "lastModified": 1735563628,
        "narHash": "sha256-OnSAY7XDSx7CtDoqNh8jwVwh4xNL/2HaJxGjryLWzX8=",
        "owner": "NixOS",
        "repo": "nixpkgs",
        "rev": "b134951a4c9f3c995fd7be05f3243f8ecd65d798",
        "type": "github"
      },
      "original": {
        "owner": "NixOS",
        "ref": "nixos-24.05",
        "repo": "nixpkgs",
        "type": "github"
      }
    },
    "nixpkgs-unstable": {
      "locked": {
        "lastModified": 1788316716,
        "narHash": "sha256-bc7rSpXIdn9QWGNqfWcPZWOhEVF8NoeAZkWq0XWnf/k=",
        "owner": "NixOS",
        "repo": "nixpkgs",
        "rev": "3ed67ec0a4d3c7ab4ae1f04f8ee8df07bfa506a2",
        "type": "github"
      },
      "original": {
        "owner": "NixOS",
        "ref": "nixos-unstable",
        "repo": "nixpkgs",
        "type": "github"
      }
    },
    "nixpkgs_2": {
      "locked": {
        "lastModified": 1788456250,
        "narHash": "sha256-fEc3AT40nBGFxO2x9QFtLhVLkika4ETBcESMIr5gsCo=",
        "owner": "NixOS",
        "repo": "nixpkgs",
        "rev": "1cbdaeda5d3b5a9c2b97fec74cc0f15ce4d3fba8",
        "type": "github"
      },
      "original": {
        "owner": "NixOS",
        "ref": "nixos-unstable-small",
        "repo": "nixpkgs",
        "type": "github"
      }
    },
    "nixpkgs_3": {
      "locked": {
        "lastModified": 1788405554,
        "narHash": "sha256-r2f1oUwixlgq9zOdYLqJLfS/lWBT60/IITjhTKI59JU=",
        "owner": "NixOS",
        "repo": "nixpkgs",
        "rev": "a5cc6f2c37bf518436dc8d1c288ccd0c43c2f4c4",
        "type": "github"
      },
      "original": {
        "owner": "NixOS",
        "ref": "nixos-26.05",
        "repo": "nixpkgs",
        "type": "github"
      }
    },
    "nixpkgs_4": {
      "locked": {
        "lastModified": 1769461804,
        "narHash": "sha256-msG8SU5WsBUfVVa/9RPLaymvi5bI8edTavbIq3vRlhI=",
        "owner": "nixos",
        "repo": "nixpkgs",
        "rev": "bfc1b8a4574108ceef22f02bafcf6611380c100d",
        "type": "github"
      },
      "original": {
        "owner": "nixos",
        "ref": "nixos-unstable",
        "repo": "nixpkgs",
        "type": "github"
      }
    },
    "nixpkgs_5": {
      "locked": {
        "lastModified": 1787900134,
        "narHash": "sha256-5GWj0FI2uOwKNpXkmpWrSFDe1rCaNBCUQ8d+HDtFQPI=",
        "rev": "83199d0d373dd3ac2b9a1996b1d0263f76ab7a4c",
        "type": "tarball",
        "url": "https://releases.nixos.org/nixos/unstable/nixos-26.11pre1063296.83199d0d373d/nixexprs.tar.xz"
      },
      "original": {
        "type": "tarball",
        "url": "https://channels.nixos.org/nixos-unstable/nixexprs.tar.xz"
      }
    },
    "nixpkgs_6": {
      "locked": {
        "lastModified": 1788179007,
        "narHash": "sha256-hn1oU2rue2SYK8dAr8+WNZWtbsz1S2W5mnHlSEuh3bo=",
        "owner": "nixos",
        "repo": "nixpkgs",
        "rev": "34ab99075ac4f7e40cf037eef32cb1c360bb85e9",
        "type": "github"
      },
      "original": {
        "owner": "nixos",
        "ref": "nixos-unstable",
        "repo": "nixpkgs",
        "type": "github"
      }
    },
    "opera-flake": {
      "inputs": {
        "nixpkgs": [
          "nixpkgs"
        ]
      },
      "locked": {
        "lastModified": 1775577367,
        "narHash": "sha256-v8MYIVql0+pFghzZDuyFt3PHlz/Qs1MdOHgfcYZlYRA=",
        "owner": "yisuidenghua",
        "repo": "opera-flake",
        "rev": "3bf0a7ae80c671b97c10841d9bbb5b370ac6f3a5",
        "type": "github"
      },
      "original": {
        "owner": "yisuidenghua",
        "repo": "opera-flake",
        "type": "github"
      }
    },
    "quickemu": {
      "inputs": {
        "flake-schemas": "flake-schemas",
        "nixpkgs": "nixpkgs_4"
      },
      "locked": {
        "lastModified": 1770727319,
        "narHash": "sha256-djTJr1I0LDBdbIPtTVWB4b/t1jSQ2/+RtQtWTnMLBFs=",
        "rev": "81d038cbaeb8fc4f7154489447fe9f856299c742",
        "revCount": 2292,
        "type": "tarball",
        "url": "https://api.flakehub.com/f/pinned/quickemu-project/quickemu/4.9.9/019c47be-6c19-773e-881b-f7d33905672f/source.tar.gz"
      },
      "original": {
        "type": "tarball",
        "url": "https://flakehub.com/f/quickemu-project/quickemu/4.9.9"
      }
    },
    "root": {
      "inputs": {
        "helium-browser": "helium-browser",
        "home-manager": "home-manager",
        "mangowm": "mangowm",
        "millennium": "millennium",
        "nix-cachyos-kernel": "nix-cachyos-kernel",
        "nixpkgs": "nixpkgs_3",
        "nixpkgs-unstable": "nixpkgs-unstable",
        "opera-flake": "opera-flake",
        "quickemu": "quickemu",
        "spicetify-nix": "spicetify-nix",
        "waterfox": "waterfox",
        "zen-browser": "zen-browser"
      }
    },
    "scenefx": {
      "inputs": {
        "flake-utils": "flake-utils",
        "nixpkgs": [
          "mangowm",
          "nixpkgs"
        ],
        "systems": "systems"
      },
      "locked": {
        "lastModified": 1782624992,
        "narHash": "sha256-vUjLG6eubEhJJVa9LPygIcVmNoHwYbSUTJcWEcbxnU4=",
        "owner": "wlrfx",
        "repo": "scenefx",
        "rev": "37ccd723bef49e6891156ffafce8f549f01446cc",
        "type": "github"
      },
      "original": {
        "owner": "wlrfx",
        "repo": "scenefx",
        "type": "github"
      }
    },
    "spicetify-nix": {
      "inputs": {
        "nixpkgs": "nixpkgs_5",
        "systems": "systems_2"
      },
      "locked": {
        "lastModified": 1788263070,
        "narHash": "sha256-Mw163zYcjr59hB2JMC1iKU1Y69SNKZ2r/haXZ07UWQY=",
        "owner": "Gerg-L",
        "repo": "spicetify-nix",
        "rev": "27ff19b00338052e8a504e1d1a34efad82c4bb26",
        "type": "github"
      },
      "original": {
        "owner": "Gerg-L",
        "repo": "spicetify-nix",
        "type": "github"
      }
    },
    "systems": {
      "locked": {
        "lastModified": 1689347949,
        "narHash": "sha256-12tWmuL2zgBgZkdoB6qXZsgJEH9LR3oUgpaQq2RbI80=",
        "owner": "nix-systems",
        "repo": "default-linux",
        "rev": "31732fcf5e8fea42e59c2488ad31a0e651500f68",
        "type": "github"
      },
      "original": {
        "owner": "nix-systems",
        "repo": "default-linux",
        "type": "github"
      }
    },
    "systems_2": {
      "locked": {
        "lastModified": 1681028828,
        "narHash": "sha256-Vy1rq5AaRuLzOxct8nz4T6wlgyUR7zLU309k9mBC768=",
        "owner": "nix-systems",
        "repo": "default",
        "rev": "da67096a3b9bf56a91d16901293e51ba5b49a27e",
        "type": "github"
      },
      "original": {
        "owner": "nix-systems",
        "repo": "default",
        "type": "github"
      }
    },
    "systems_3": {
      "locked": {
        "lastModified": 1689347949,
        "narHash": "sha256-12tWmuL2zgBgZkdoB6qXZsgJEH9LR3oUgpaQq2RbI80=",
        "owner": "nix-systems",
        "repo": "default-linux",
        "rev": "31732fcf5e8fea42e59c2488ad31a0e651500f68",
        "type": "github"
      },
      "original": {
        "owner": "nix-systems",
        "repo": "default-linux",
        "type": "github"
      }
    },
    "waterfox": {
      "inputs": {
        "nixpkgs": [
          "nixpkgs"
        ],
        "nixpkgs-stable": "nixpkgs-stable",
        "systems": "systems_3"
      },
      "locked": {
        "lastModified": 1743305654,
        "narHash": "sha256-Q7dORb7b3avbY1TcD5/Jfe3kBdUQweSzlrBFZjV2hRI=",
        "owner": "sammypanda",
        "repo": "nixos-waterfox",
        "rev": "5662916f36192d581b563f401462606231871aa5",
        "type": "github"
      },
      "original": {
        "owner": "sammypanda",
        "repo": "nixos-waterfox",
        "type": "github"
      }
    },
    "zen-browser": {
      "inputs": {
        "home-manager": "home-manager_2",
        "nixpkgs": "nixpkgs_6"
      },
      "locked": {
        "lastModified": 1788405419,
        "narHash": "sha256-wuGizAVEmY0u15MYrhgy7AoQdHg+4Y2QiC+v/mxA8dc=",
        "owner": "0xc000022070",
        "repo": "zen-browser-flake",
        "rev": "fdb83f8fce835213fab7eab52c375926fe1a32dc",
        "type": "github"
      },
      "original": {
        "owner": "0xc000022070",
        "repo": "zen-browser-flake",
        "type": "github"
      }
    }
  },
  "root": "root",
  "version": 7
}
